
Microsoft Visual Studio Solution File, Format Version 12.00
# Visual Studio Version 17
VisualStudioVersion = 17.0.31903.59
MinimumVisualStudioVersion = 10.0.40219.1
Project("{2150E333-8FDC-42A3-9474-1A3956D46DE8}") = "src", "src", "{A4D7C59B-0891-41E4-AC28-D1455EEFEF08}"
EndProject
Project("{9A19103F-16F7-4668-BE54-9A1E7A4F7556}") = "GeekBurger.Products.Api", "src\GeekBurger.Products.Api\GeekBurger.Products.Api.csproj", "{8DAC0471-4B47-4619-85D5-DEFC28CE1069}"
EndProject
Project("{9A19103F-16F7-4668-BE54-9A1E7A4F7556}") = "GeekBurger.Products.Contracts", "src\GeekBurger.Products.Contracts\GeekBurger.Products.Contracts.csproj", "{32F90E47-2EDC-40E8-8AD3-F0FCA4F3A79D}"
EndProject
Project("{9A19103F-16F7-4668-BE54-9A1E7A4F7556}") = "GeekBurger.CatalogSync.Worker", "src\GeekBurger.CatalogSync.Worker\GeekBurger.CatalogSync.Worker.csproj", "{C6BB3910-42FF-4ED1-A78B-61E00D856ABF}"
EndProject
Project("{2150E333-8FDC-42A3-9474-1A3956D46DE8}") = "Products", "Products", "{F336D0A0-8530-43E7-BCAC-0216F2535B63}"
EndProject
Project("{2150E333-8FDC-42A3-9474-1A3956D46DE8}") = "Catalog", "Catalog", "{AF7EBAA7-58C4-4C41-A056-F56B00A8BFE3}"
EndProject
Global
	GlobalSection(SolutionConfigurationPlatforms) = preSolution
		Debug|Any CPU = Debug|Any CPU
		Release|Any CPU = Release|Any CPU
	EndGlobalSection
	GlobalSection(ProjectConfigurationPlatforms) = postSolution
		{8DAC0471-4B47-4619-85D5-DEFC28CE1069}.Debug|Any CPU.ActiveCfg = Debug|Any CPU
		{8DAC0471-4B47-4619-85D5-DEFC28CE1069}.Debug|Any CPU.Build.0 = Debug|Any CPU
		{8DAC0471-4B47-4619-85D5-DEFC28CE1069}.Release|Any CPU.ActiveCfg = Release|Any CPU
		{8DAC0471-4B47-4619-85D5-DEFC28CE1069}.Release|Any CPU.Build.0 = Release|Any CPU
		{32F90E47-2EDC-40E8-8AD3-F0FCA4F3A79D}.Debug|Any CPU.ActiveCfg = Debug|Any CPU
		{32F90E47-2EDC-40E8-8AD3-F0FCA4F3A79D}.Debug|Any CPU.Build.0 = Debug|Any CPU
		{32F90E47-2EDC-40E8-8AD3-F0FCA4F3A79D}.Release|Any CPU.ActiveCfg = Release|Any CPU
		{32F90E47-2EDC-40E8-8AD3-F0FCA4F3A79D}.Release|Any CPU.Build.0 = Release|Any CPU
		{C6BB3910-42FF-4ED1-A78B-61E00D856ABF}.Debug|Any CPU.ActiveCfg = Debug|Any CPU
		{C6BB3910-42FF-4ED1-A78B-61E00D856ABF}.Debug|Any CPU.Build.0 = Debug|Any CPU
		{C6BB3910-42FF-4ED1-A78B-61E00D856ABF}.Release|Any CPU.ActiveCfg = Release|Any CPU
		{C6BB3910-42FF-4ED1-A78B-61E00D856ABF}.Release|Any CPU.Build.0 = Release|Any CPU
	EndGlobalSection
	GlobalSection(SolutionProperties) = preSolution
		HideSolutionNode = FALSE
	EndGlobalSection
	GlobalSection(NestedProjects) = preSolution
		{8DAC0471-4B47-4619-85D5-DEFC28CE1069} = {F336D0A0-8530-43E7-BCAC-0216F2535B63}
		{32F90E47-2EDC-40E8-8AD3-F0FCA4F3A79D} = {F336D0A0-8530-43E7-BCAC-0216F2535B63}
		{C6BB3910-42FF-4ED1-A78B-61E00D856ABF} = {AF7EBAA7-58C4-4C41-A056-F56B00A8BFE3}
		{F336D0A0-8530-43E7-BCAC-0216F2535B63} = {A4D7C59B-0891-41E4-AC28-D1455EEFEF08}
		{AF7EBAA7-58C4-4C41-A056-F56B00A8BFE3} = {A4D7C59B-0891-41E4-AC28-D1455EEFEF08}
	EndGlobalSection
EndGlobal
